
Microsoft Visual Studio Solution File, Format Version 12.00
#
Project("{FAE04EC0-301F-11D3-BF4B-00C04F79EFBC}") = "Nexus.Test", "Nexus.Test\Nexus.Test.csproj", "{BE00B259-9B33-4A20-A539-F68AAA507830}"
EndProject
Project("{FAE04EC0-301F-11D3-BF4B-00C04F79EFBC}") = "Nexus.Client", "Nexus.Client\Nexus.Client.csproj", "{A2E1AEA0-D9E0-4DAA-AB1E-8C2E45F70620}"
EndProject
Project("{FAE04EC0-301F-11D3-BF4B-00C04F79EFBC}") = "Nexus.Server", "Nexus.Server\Nexus.Server.csproj", "{EDC30F3F-146B-4958-B966-A42F453A33B9}"
EndProject
Global
	GlobalSection(SolutionConfigurationPlatforms) = preSolution
		Debug|Any CPU = Debug|Any CPU
		Release|Any CPU = Release|Any CPU
	EndGlobalSection
	GlobalSection(ProjectConfigurationPlatforms) = postSolution
		{BE00B259-9B33-4A20-A539-F68AAA507830}.Debug|Any CPU.ActiveCfg = Debug|Any CPU
		{BE00B259-9B33-4A20-A539-F68AAA507830}.Release|Any CPU.ActiveCfg = Release|Any CPU
		{BE00B259-9B33-4A20-A539-F68AAA507830}.Release|Any CPU.Build.0 = Release|Any CPU
		{A2E1AEA0-D9E0-4DAA-AB1E-8C2E45F70620}.Debug|Any CPU.ActiveCfg = Debug|Any CPU
		{A2E1AEA0-D9E0-4DAA-AB1E-8C2E45F70620}.Debug|Any CPU.Build.0 = Debug|Any CPU
		{A2E1AEA0-D9E0-4DAA-AB1E-8C2E45F70620}.Release|Any CPU.ActiveCfg = Release|Any CPU
		{A2E1AEA0-D9E0-4DAA-AB1E-8C2E45F70620}.Release|Any CPU.Build.0 = Release|Any CPU
		{EDC30F3F-146B-4958-B966-A42F453A33B9}.Debug|Any CPU.ActiveCfg = Debug|Any CPU
		{EDC30F3F-146B-4958-B966-A42F453A33B9}.Debug|Any CPU.Build.0 = Debug|Any CPU
		{EDC30F3F-146B-4958-B966-A42F453A33B9}.Release|Any CPU.ActiveCfg = Release|Any CPU
		{EDC30F3F-146B-4958-B966-A42F453A33B9}.Release|Any CPU.Build.0 = Release|Any CPU
	EndGlobalSection
EndGlobal
